// !$*UTF8*$!
{
	archiveVersion = 1;
	classes = {
	};
	objectVersion = 46;
	objects = {

/* Begin PBXBuildFile section */
		EAEAE0F61F9A7BCC001C4DFB /* main.m in Sources */ = {isa = PBXBuildFile; fileRef = EAEAE0F51F9A7BCC001C4DFB /* main.m */; };
		EAEAE0F91F9A7BCC001C4DFB /* AppDelegate.m in Sources */ = {isa = PBXBuildFile; fileRef = EAEAE0F81F9A7BCC001C4DFB /* AppDelegate.m */; };
		EAEAE0FC1F9A7BCC001C4DFB /* ViewController.m in Sources */ = {isa = PBXBuildFile; fileRef = EAEAE0FB1F9A7BCC001C4DFB /* ViewController.m */; };
		EAEAE0FF1F9A7BCC001C4DFB /* Main.storyboard in Resources */ = {isa = PBXBuildFile; fileRef = EAEAE0FD1F9A7BCC001C4DFB /* Main.storyboard */; };
		EAEAE1011F9A7BCC001C4DFB /* Assets.xcassets in Resources */ = {isa = PBXBuildFile; fileRef = EAEAE1001F9A7BCC001C4DFB /* Assets.xcassets */; };
		EAEAE1041F9A7BCC001C4DFB /* LaunchScreen.storyboard in Resources */ = {isa = PBXBuildFile; fileRef = EAEAE1021F9A7BCC001C4DFB /* LaunchScreen.storyboard */; };
/* End PBXBuildFile section */

/* Begin PBXFileReference section */
		EAEAE0F11F9A7BCC001C4DFB /* displayiOSSandboxDetails.app */ = {isa = PBXFileReference; explicitFileType = wrapper.application; includeInIndex = 0; path = displayiOSSandboxDetails.app; sourceTree = BUILT_PRODUCTS_DIR; };
		EAEAE0F51F9A7BCC001C4DFB /* main.m */ = {isa = PBXFileReference; lastKnownFileType = sourcecode.c.objc; path = main.m; sourceTree = "<group>"; };
		EAEAE0F71F9A7BCC001C4DFB /* AppDelegate.h */ = {isa = PBXFileReference; lastKnownFileType = sourcecode.c.h; path = AppDelegate.h; sourceTree = "<group>"; };
		EAEAE0F81F9A7BCC001C4DFB /* AppDelegate.m */ = {isa = PBXFileReference; lastKnownFileType = sourcecode.c.objc; path = AppDelegate.m; sourceTree = "<group>"; };
		EAEAE0FA1F9A7BCC001C4DFB /* ViewController.h */ = {isa = PBXFileReference; lastKnownFileType = sourcecode.c.h; path = ViewController.h; sourceTree = "<group>"; };
		EAEAE0FB1F9A7BCC001C4DFB /* ViewController.m */ = {isa = PBXFileReference; lastKnownFileType = sourcecode.c.objc; path = ViewController.m; sourceTree = "<group>"; };
		EAEAE0FE1F9A7BCC001C4DFB /* Base */ = {isa = PBXFileReference; lastKnownFileType = file.storyboard; name = Base; path = Base.lproj/Main.storyboard; sourceTree = "<group>"; };
		EAEAE1001F9A7BCC001C4DFB /* Assets.xcassets */ = {isa = PBXFileReference; lastKnownFileType = folder.assetcatalog; path = Assets.xcassets; sourceTree = "<group>"; };
		EAEAE1031F9A7BCC001C4DFB /* Base */ = {isa = PBXFileReference; lastKnownFileType = file.storyboard; name = Base; path = Base.lproj/LaunchScreen.storyboard; sourceTree = "<group>"; };
		EAEAE1051F9A7BCC001C4DFB /* Info.plist */ = {isa = PBXFileReference; lastKnownFileType = text.plist.xml; path = Info.plist; sourceTree = "<group>"; };
/* End PBXFileReference section */

/* Begin PBXFrameworksBuildPhase section */
		EAEAE0EE1F9A7BCC001C4DFB /* Frameworks */ = {
			isa = PBXFrameworksBuildPhase;
			buildActionMask = 2147483647;
			files = (
			);
			runOnlyForDeploymentPostprocessing = 0;
		};
/* End PBXFrameworksBuildPhase section */

/* Begin PBXGroup section */
		EAEAE0E81F9A7BCC001C4DFB = {
			isa = PBXGroup;
			children = (
				EAEAE0F31F9A7BCC001C4DFB /* displayiOSSandboxDetails */,
				EAEAE0F21F9A7BCC001C4DFB /* Products */,
			);
			sourceTree = "<group>";
		};
		EAEAE0F21F9A7BCC001C4DFB /* Products */ = {
			isa = PBXGroup;
			children = (
				EAEAE0F11F9A7BCC001C4DFB /* displayiOSSandboxDetails.app */,
			);
			name = Products;
			sourceTree = "<group>";
		};
		EAEAE0F31F9A7BCC001C4DFB /* displayiOSSandboxDetails */ = {
			isa = PBXGroup;
			children = (
				EAEAE0F71F9A7BCC001C4DFB /* AppDelegate.h */,
				EAEAE0F81F9A7BCC001C4DFB /* AppDelegate.m */,
				EAEAE0FA1F9A7BCC001C4DFB /* ViewController.h */,
				EAEAE0FB1F9A7BCC001C4DFB /* ViewController.m */,
				EAEAE0FD1F9A7BCC001C4DFB /* Main.storyboard */,
				EAEAE1001F9A7BCC001C4DFB /* Assets.xcassets */,
				EAEAE1021F9A7BCC001C4DFB /* LaunchScreen.storyboard */,
				EAEAE1051F9A7BCC001C4DFB /* Info.plist */,
				EAEAE0F41F9A7BCC001C4DFB /* Supporting Files */,
			);
			path = displayiOSSandboxDetails;
			sourceTree = "<group>";
		};
		EAEAE0F41F9A7BCC001C4DFB /* Supporting Files */ = {
			isa = PBXGroup;
			children = (
				EAEAE0F51F9A7BCC001C4DFB /* main.m */,
			);
			name = "Supporting Files";
			sourceTree = "<group>";
		};
/* End PBXGroup section */

/* Begin PBXNativeTarget section */
		EAEAE0F01F9A7BCC001C4DFB /* displayiOSSandboxDetails */ = {
			isa = PBXNativeTarget;
			buildConfigurationList = EAEAE1081F9A7BCC001C4DFB /* Build configuration list for PBXNativeTarget "displayiOSSandboxDetails" */;
			buildPhases = (
				EAEAE0ED1F9A7BCC001C4DFB /* Sources */,
				EAEAE0EE1F9A7BCC001C4DFB /* Frameworks */,
				EAEAE0EF1F9A7BCC001C4DFB /* Resources */,
			);
			buildRules = (
			);
			dependencies = (
			);
			name = displayiOSSandboxDetails;
			productName = displayiOSSandboxDetails;
			productReference = EAEAE0F11F9A7BCC001C4DFB /* displayiOSSandboxDetails.app */;
			productType = "com.apple.product-type.application";
		};
/* End PBXNativeTarget section */

/* Begin PBXProject section */
		EAEAE0E91F9A7BCC001C4DFB /* Project object */ = {
			isa = PBXProject;
			attributes = {
				LastUpgradeCheck = 0830;
				ORGANIZATIONNAME = dns;
				TargetAttributes = {
					EAEAE0F01F9A7BCC001C4DFB = {
						CreatedOnToolsVersion = 8.3.3;
						DevelopmentTeam = T2NR4WA7GR;
						ProvisioningStyle = Automatic;
					};
				};
			};
			buildConfigurationList = EAEAE0EC1F9A7BCC001C4DFB /* Build configuration list for PBXProject "displayiOSSandboxDetails" */;
			compatibilityVersion = "Xcode 3.2";
			developmentRegion = English;
			hasScannedForEncodings = 0;
			knownRegions = (
				en,
				Base,
			);
			mainGroup = EAEAE0E81F9A7BCC001C4DFB;
			productRefGroup = EAEAE0F21F9A7BCC001C4DFB /* Products */;
			projectDirPath = "";
			projectRoot = "";
			targets = (
				EAEAE0F01F9A7BCC001C4DFB /* displayiOSSandboxDetails */,
			);
		};
/* End PBXProject section */

/* Begin PBXResourcesBuildPhase section */
		EAEAE0EF1F9A7BCC001C4DFB /* Resources */ = {
			isa = PBXResourcesBuildPhase;
			buildActionMask = 2147483647;
			files = (
				EAEAE1041F9A7BCC001C4DFB /* LaunchScreen.storyboard in Resources */,
				EAEAE1011F9A7BCC001C4DFB /* Assets.xcassets in Resources */,
				EAEAE0FF1F9A7BCC001C4DFB /* Main.storyboard in Resources */,
			);
			runOnlyForDeploymentPostprocessing = 0;
		};
/* End PBXResourcesBuildPhase section */

/* Begin PBXSourcesBuildPhase section */
		EAEAE0ED1F9A7BCC001C4DFB /* Sources */ = {
			isa = PBXSourcesBuildPhase;
			buildActionMask = 2147483647;
			files = (
				EAEAE0FC1F9A7BCC001C4DFB /* ViewController.m in Sources */,
				EAEAE0F91F9A7BCC001C4DFB /* AppDelegate.m in Sources */,
				EAEAE0F61F9A7BCC001C4DFB /* main.m in Sources */,
			);
			runOnlyForDeploymentPostprocessing = 0;
		};
/* End PBXSourcesBuildPhase section */

/* Begin PBXVariantGroup section */
		EAEAE0FD1F9A7BCC001C4DFB /* Main.storyboard */ = {
			isa = PBXVariantGroup;
			children = (
				EAEAE0FE1F9A7BCC001C4DFB /* Base */,
			);
			name = Main.storyboard;
			sourceTree = "<group>";
		};
		EAEAE1021F9A7BCC001C4DFB /* LaunchScreen.storyboard */ = {
			isa = PBXVariantGroup;
			children = (
				EAEAE1031F9A7BCC001C4DFB /* Base */,
			);
			name = LaunchScreen.storyboard;
			sourceTree = "<group>";
		};
/* End PBXVariantGroup section */

/* Begin XCBuildConfiguration section */
		EAEAE1061F9A7BCC001C4DFB /* Debug */ = {
			isa = XCBuildConfiguration;
			buildSettings = {
				ALWAYS_SEARCH_USER_PATHS = NO;
				CLANG_ANALYZER_NONNULL = YES;
				CLANG_ANALYZER_NUMBER_OBJECT_CONVERSION = YES_AGGRESSIVE;
				CLANG_CXX_LANGUAGE_STANDARD = "gnu++0x";
				CLANG_CXX_LIBRARY = "libc++";
				CLANG_ENABLE_MODULES = YES;
				CLANG_ENABLE_OBJC_ARC = YES;
				CLANG_WARN_BOOL_CONVERSION = YES;
				CLANG_WARN_CONSTANT_CONVERSION = YES;
				CLANG_WARN_DIRECT_OBJC_ISA_USAGE = YES_ERROR;
				CLANG_WARN_DOCUMENTATION_COMMENTS = YES;
				CLANG_WARN_EMPTY_BODY = YES;
				CLANG_WARN_ENUM_CONVERSION = YES;
				CLANG_WARN_INFINITE_RECURSION = YES;
				CLANG_WARN_INT_CONVERSION = YES;
				CLANG_WARN_OBJC_ROOT_CLASS = YES_ERROR;
				CLANG_WARN_SUSPICIOUS_MOVE = YES;
				CLANG_WARN_UNREACHABLE_CODE = YES;
				CLANG_WARN__DUPLICATE_METHOD_MATCH = YES;
				"CODE_SIGN_IDENTITY[sdk=iphoneos*]" = "iPhone Developer";
				COPY_PHASE_STRIP = NO;
				DEBUG_INFORMATION_FORMAT = dwarf;
				ENABLE_STRICT_OBJC_MSGSEND = YES;
				ENABLE_TESTABILITY = YES;
				GCC_C_LANGUAGE_STANDARD = gnu99;
				GCC_DYNAMIC_NO_PIC = NO;
				GCC_NO_COMMON_BLOCKS = YES;
				GCC_OPTIMIZATION_LEVEL = 0;
				GCC_PREPROCESSOR_DEFINITIONS = (
					"DEBUG=1",
					"$(inherited)",
				);
				GCC_WARN_64_TO_32_BIT_CONVERSION = YES;
				GCC_WARN_ABOUT_RETURN_TYPE = YES_ERROR;
				GCC_WARN_UNDECLARED_SELECTOR = YES;
				GCC_WARN_UNINITIALIZED_AUTOS = YES_AGGRESSIVE;
				GCC_WARN_UNUSED_FUNCTION = YES;
				GCC_WARN_UNUSED_VARIABLE = YES;
				IPHONEOS_DEPLOYMENT_TARGET = 10.3;
				MTL_ENABLE_DEBUG_INFO = YES;
				ONLY_ACTIVE_ARCH = YES;
				SDKROOT = iphoneos;
				TARGETED_DEVICE_FAMILY = "1,2";
			};
			name = Debug;
		};
		EAEAE1071F9A7BCC001C4DFB /* Release */ = {
			isa = XCBuildConfiguration;
			buildSettings = {
				ALWAYS_SEARCH_USER_PATHS = NO;
				CLANG_ANALYZER_NONNULL = YES;
				CLANG_ANALYZER_NUMBER_OBJECT_CONVERSION = YES_AGGRESSIVE;
				CLANG_CXX_LANGUAGE_STANDARD = "gnu++0x";
				CLANG_CXX_LIBRARY = "libc++";
				CLANG_ENABLE_MODULES = YES;
				CLANG_ENABLE_OBJC_ARC = YES;
				CLANG_WARN_BOOL_CONVERSION = YES;
				CLANG_WARN_CONSTANT_CONVERSION = YES;
				CLANG_WARN_DIRECT_OBJC_ISA_USAGE = YES_ERROR;
				CLANG_WARN_DOCUMENTATION_COMMENTS = YES;
				CLANG_WARN_EMPTY_BODY = YES;
				CLANG_WARN_ENUM_CONVERSION = YES;
				CLANG_WARN_INFINITE_RECURSION = YES;
				CLANG_WARN_INT_CONVERSION = YES;
				CLANG_WARN_OBJC_ROOT_CLASS = YES_ERROR;
				CLANG_WARN_SUSPICIOUS_MOVE = YES;
				CLANG_WARN_UNREACHABLE_CODE = YES;
				CLANG_WARN__DUPLICATE_METHOD_MATCH = YES;
				"CODE_SIGN_IDENTITY[sdk=iphoneos*]" = "iPhone Developer";
				COPY_PHASE_STRIP = NO;
				DEBUG_INFORMATION_FORMAT = "dwarf-with-dsym";
				ENABLE_NS_ASSERTIONS = NO;
				ENABLE_STRICT_OBJC_MSGSEND = YES;
				GCC_C_LANGUAGE_STANDARD = gnu99;
				GCC_NO_COMMON_BLOCKS = YES;
				GCC_WARN_64_TO_32_BIT_CONVERSION = YES;
				GCC_WARN_ABOUT_RETURN_TYPE = YES_ERROR;
				GCC_WARN_UNDECLARED_SELECTOR = YES;
				GCC_WARN_UNINITIALIZED_AUTOS = YES_AGGRESSIVE;
				GCC_WARN_UNUSED_FUNCTION = YES;
				GCC_WARN_UNUSED_VARIABLE = YES;
				IPHONEOS_DEPLOYMENT_TARGET = 10.3;
				MTL_ENABLE_DEBUG_INFO = NO;
				SDKROOT = iphoneos;
				TARGETED_DEVICE_FAMILY = "1,2";
				VALIDATE_PRODUCT = YES;
			};
			name = Release;
		};
		EAEAE1091F9A7BCC001C4DFB /* Debug */ = {
			isa = XCBuildConfiguration;
			buildSettings = {
				ASSETCATALOG_COMPILER_APPICON_NAME = AppIcon;
				DEVELOPMENT_TEAM = T2NR4WA7GR;
				INFOPLIST_FILE = displayiOSSandboxDetails/Info.plist;
				LD_RUNPATH_SEARCH_PATHS = "$(inherited) @executable_path/Frameworks";
				PRODUCT_BUNDLE_IDENTIFIER = com.dns.displayiOSSandboxDetails;
				PRODUCT_NAME = "$(TARGET_NAME)";
			};
			name = Debug;
		};
		EAEAE10A1F9A7BCC001C4DFB /* Release */ = {
			isa = XCBuildConfiguration;
			buildSettings = {
				ASSETCATALOG_COMPILER_APPICON_NAME = AppIcon;
				DEVELOPMENT_TEAM = T2NR4WA7GR;
				INFOPLIST_FILE = displayiOSSandboxDetails/Info.plist;
				LD_RUNPATH_SEARCH_PATHS = "$(inherited) @executable_path/Frameworks";
				PRODUCT_BUNDLE_IDENTIFIER = com.dns.displayiOSSandboxDetails;
				PRODUCT_NAME = "$(TARGET_NAME)";
			};
			name = Release;
		};
/* End XCBuildConfiguration section */

/* Begin XCConfigurationList section */
		EAEAE0EC1F9A7BCC001C4DFB /* Build configuration list for PBXProject "displayiOSSandboxDetails" */ = {
			isa = XCConfigurationList;
			buildConfigurations = (
				EAEAE1061F9A7BCC001C4DFB /* Debug */,
				EAEAE1071F9A7BCC001C4DFB /* Release */,
			);
			defaultConfigurationIsVisible = 0;
			defaultConfigurationName = Release;
		};
		EAEAE1081F9A7BCC001C4DFB /* Build configuration list for PBXNativeTarget "displayiOSSandboxDetails" */ = {
			isa = XCConfigurationList;
			buildConfigurations = (
				EAEAE1091F9A7BCC001C4DFB /* Debug */,
				EAEAE10A1F9A7BCC001C4DFB /* Release */,
			);
			defaultConfigurationIsVisible = 0;
		};
/* End XCConfigurationList section */
	};
	rootObject = EAEAE0E91F9A7BCC001C4DFB /* Project object */;
}
